# THIS IS AN AUTOGENERATED FILE. DO NOT EDIT THIS FILE DIRECTLY.
# yarn lockfile v1


graceful-fs@^4.1.6:
  version "4.2.10"
  resolved "https://registry.yarnpkg.com/graceful-fs/-/graceful-fs-4.2.10.tgz#147d3a006da4ca3ce14728c7aefc287c367d7a6c"
  integrity sha512-9ByhssR2fPVsNZj478qUUbKfmL0+t5BDVyjShtyZZLiK7ZDAArFFfopyOTj0M05wE2tJPisA4iTnnXl2YoPvOA==

jsonfile@^2.0.0:
  version "2.4.0"
  resolved "https://registry.yarnpkg.com/jsonfile/-/jsonfile-2.4.0.tgz#3736a2b428b87bbda0cc83b53fa3d633a35c2ae8"
  integrity sha512-PKllAqbgLgxHaj8TElYymKCAgrASebJrWpTnEkOaTowt23VKXXN0sUeriJ+eh7y6ufb/CC5ap11pz71/cM0hUw==
  optionalDependencies:
    graceful-fs "^4.1.6"

lodash@^3.9.1:
  version "3.10.1"
  resolved "https://registry.yarnpkg.com/lodash/-/lodash-3.10.1.tgz#5bf45e8e49ba4189e17d482789dfd15bd140b7b6"
  integrity sha512-9mDDwqVIma6OZX79ZlDACZl8sBm0TEnkf99zV3iMA4GzkIT/9hiqP5mY0HoT1iNLCrKc/R1HByV+yJfRWVJryQ==

multi-stopwords@^1.0.1:
  version "1.0.1"
  resolved "https://registry.yarnpkg.com/multi-stopwords/-/multi-stopwords-1.0.1.tgz#f6152ebfaa0c5f1b57174f440e466802180ffc54"
  integrity sha512-CuaLNMhZSyJHRx5t38Ggd+yLVUL0Dr8Zkw2AXjcP5imtrv91t3AmN8O4lnmEU35wEf0xCZ+3L6dyyVDZjw5OtQ==
  dependencies:
    jsonfile "^2.0.0"
    lodash "^3.9.1"
